
Microsoft Visual Studio Solution File, Format Version 12.00
# Visual Studio Version 17
VisualStudioVersion = 17.13.35931.197 d17.13
MinimumVisualStudioVersion = 10.0.40219.1
Project("{FAE04EC0-301F-11D3-BF4B-00C04F79EFBC}") = "ConsoleApp1", "ConsoleApp1.csproj", "{59D2B97A-954B-45B2-BFA3-F01F907C443F}"
EndProject
Global
	GlobalSection(SolutionConfigurationPlatforms) = preSolution
		Debug|Any CPU = Debug|Any CPU
		Release|Any CPU = Release|Any CPU
	EndGlobalSection
	GlobalSection(ProjectConfigurationPlatforms) = postSolution
		{59D2B97A-954B-45B2-BFA3-F01F907C443F}.Debug|Any CPU.ActiveCfg = Debug|Any CPU
		{59D2B97A-954B-45B2-BFA3-F01F907C443F}.Debug|Any CPU.Build.0 = Debug|Any CPU
		{59D2B97A-954B-45B2-BFA3-F01F907C443F}.Release|Any CPU.ActiveCfg = Release|Any CPU
		{59D2B97A-954B-45B2-BFA3-F01F907C443F}.Release|Any CPU.Build.0 = Release|Any CPU
	EndGlobalSection
	GlobalSection(SolutionProperties) = preSolution
		HideSolutionNode = FALSE
	EndGlobalSection
	GlobalSection(ExtensibilityGlobals) = postSolution
		SolutionGuid = {17EB2C03-2655-488A-B861-2A3BB990932A}
	EndGlobalSection
EndGlobal
